
Microsoft Visual Studio Solution File, Format Version 12.00
# Visual Studio Version 17
VisualStudioVersion = 17.3.32929.385
MinimumVisualStudioVersion = 10.0.40219.1
Project("{9A19103F-16F7-4668-BE54-9A1E7A4F7556}") = "Countdown", "Countdown\Countdown.csproj", "{75457B1F-3BF2-4712-9071-C99A993B1E9D}"
EndProject
Global
	GlobalSection(SolutionConfigurationPlatforms) = preSolution
		Debug|Any CPU = Debug|Any CPU
		Release|Any CPU = Release|Any CPU
	EndGlobalSection
	GlobalSection(ProjectConfigurationPlatforms) = postSolution
		{75457B1F-3BF2-4712-9071-C99A993B1E9D}.Debug|Any CPU.ActiveCfg = Debug|Any CPU
		{75457B1F-3BF2-4712-9071-C99A993B1E9D}.Debug|Any CPU.Build.0 = Debug|Any CPU
		{75457B1F-3BF2-4712-9071-C99A993B1E9D}.Release|Any CPU.ActiveCfg = Release|Any CPU
		{75457B1F-3BF2-4712-9071-C99A993B1E9D}.Release|Any CPU.Build.0 = Release|Any CPU
	EndGlobalSection
	GlobalSection(SolutionProperties) = preSolution
		HideSolutionNode = FALSE
	EndGlobalSection
	GlobalSection(ExtensibilityGlobals) = postSolution
		SolutionGuid = {FD89396B-2860-400C-AA89-9AECB81627FE}
	EndGlobalSection
EndGlobal
